
Microsoft Visual Studio Solution File, Format Version 12.00
# Visual Studio Version 17
VisualStudioVersion = 17.7.34024.191
MinimumVisualStudioVersion = 10.0.40219.1
Project("{FAE04EC0-301F-11D3-BF4B-00C04F79EFBC}") = "EmployeesCh12", "EmployeesCh12\EmployeesCh12.csproj", "{BF1323D0-5463-4E9C-9489-B8DC90D88F05}"
EndProject
Global
	GlobalSection(SolutionConfigurationPlatforms) = preSolution
		Debug|Any CPU = Debug|Any CPU
		Release|Any CPU = Release|Any CPU
	EndGlobalSection
	GlobalSection(ProjectConfigurationPlatforms) = postSolution
		{BF1323D0-5463-4E9C-9489-B8DC90D88F05}.Debug|Any CPU.ActiveCfg = Debug|Any CPU
		{BF1323D0-5463-4E9C-9489-B8DC90D88F05}.Debug|Any CPU.Build.0 = Debug|Any CPU
		{BF1323D0-5463-4E9C-9489-B8DC90D88F05}.Release|Any CPU.ActiveCfg = Release|Any CPU
		{BF1323D0-5463-4E9C-9489-B8DC90D88F05}.Release|Any CPU.Build.0 = Release|Any CPU
	EndGlobalSection
	GlobalSection(SolutionProperties) = preSolution
		HideSolutionNode = FALSE
	EndGlobalSection
	GlobalSection(ExtensibilityGlobals) = postSolution
		SolutionGuid = {F02EE8A5-9269-4180-A34C-D2C2EB53DF5D}
	EndGlobalSection
EndGlobal
